// !$*UTF8*$!
{
	archiveVersion = 1;
	classes = {
	};
	objectVersion = 46;
	objects = {

/* Begin PBXBuildFile section */
		D4342E6C1DD27C4A004ED81D /* ReminderTableViewController.swift in Sources */ = {isa = PBXBuildFile; fileRef = D4342E6B1DD27C4A004ED81D /* ReminderTableViewController.swift */; };
		D44C2F961DE6E84E0011236D /* Utilities.swift in Sources */ = {isa = PBXBuildFile; fileRef = D44C2F951DE6E84E0011236D /* Utilities.swift */; };
		D44D09EE1DDBD06200E2B7CA /* ReminderDetailTableViewController.swift in Sources */ = {isa = PBXBuildFile; fileRef = D44D09ED1DDBD06200E2B7CA /* ReminderDetailTableViewController.swift */; };
		D44F8FD01DE2E67000499620 /* SearchLocationTableViewController.swift in Sources */ = {isa = PBXBuildFile; fileRef = D44F8FCF1DE2E67000499620 /* SearchLocationTableViewController.swift */; };
		D44F8FD61DE2FAAD00499620 /* MapKit.framework in Frameworks */ = {isa = PBXBuildFile; fileRef = D44F8FD51DE2FAAD00499620 /* MapKit.framework */; };
		D44F8FD81DE303BD00499620 /* LocationManager.swift in Sources */ = {isa = PBXBuildFile; fileRef = D44F8FD71DE303BD00499620 /* LocationManager.swift */; };
		D45F6F081DD277B900CAEE60 /* AppDelegate.swift in Sources */ = {isa = PBXBuildFile; fileRef = D45F6F071DD277B900CAEE60 /* AppDelegate.swift */; };
		D45F6F0D1DD277B900CAEE60 /* Main.storyboard in Resources */ = {isa = PBXBuildFile; fileRef = D45F6F0B1DD277B900CAEE60 /* Main.storyboard */; };
		D45F6F121DD277B900CAEE60 /* Assets.xcassets in Resources */ = {isa = PBXBuildFile; fileRef = D45F6F111DD277B900CAEE60 /* Assets.xcassets */; };
		D45F6F151DD277B900CAEE60 /* LaunchScreen.storyboard in Resources */ = {isa = PBXBuildFile; fileRef = D45F6F131DD277B900CAEE60 /* LaunchScreen.storyboard */; };
		D45F6F201DD277B900CAEE60 /* ProximityRemindersTests.swift in Sources */ = {isa = PBXBuildFile; fileRef = D45F6F1F1DD277B900CAEE60 /* ProximityRemindersTests.swift */; };
		D46715881DE73C3F00C55837 /* ProximityReminders.xcdatamodeld in Sources */ = {isa = PBXBuildFile; fileRef = D46715861DE73C3F00C55837 /* ProximityReminders.xcdatamodeld */; };
		D46715AD1DE754BC00C55837 /* NotificationManager.swift in Sources */ = {isa = PBXBuildFile; fileRef = D46715AC1DE754BC00C55837 /* NotificationManager.swift */; };
		D4AFBFE01DD2EE7F00A07902 /* ReminderCell.swift in Sources */ = {isa = PBXBuildFile; fileRef = D4AFBFDF1DD2EE7F00A07902 /* ReminderCell.swift */; };
		D4AFBFE31DD2EFAE00A07902 /* CoreDataManager.swift in Sources */ = {isa = PBXBuildFile; fileRef = D4AFBFE21DD2EFAE00A07902 /* CoreDataManager.swift */; };
/* End PBXBuildFile section */

/* Begin PBXContainerItemProxy section */
		D45F6F1C1DD277B900CAEE60 /* PBXContainerItemProxy */ = {
			isa = PBXContainerItemProxy;
			containerPortal = D45F6EFC1DD277B900CAEE60 /* Project object */;
			proxyType = 1;
			remoteGlobalIDString = D45F6F031DD277B900CAEE60;
			remoteInfo = ProximityReminders;
		};
/* End PBXContainerItemProxy section */

/* Begin PBXFileReference section */
		D4342E6B1DD27C4A004ED81D /* ReminderTableViewController.swift */ = {isa = PBXFileReference; fileEncoding = 4; lastKnownFileType = sourcecode.swift; path = ReminderTableViewController.swift; sourceTree = "<group>"; };
		D44C2F951DE6E84E0011236D /* Utilities.swift */ = {isa = PBXFileReference; fileEncoding = 4; lastKnownFileType = sourcecode.swift; path = Utilities.swift; sourceTree = "<group>"; };
		D44D09ED1DDBD06200E2B7CA /* ReminderDetailTableViewController.swift */ = {isa = PBXFileReference; fileEncoding = 4; lastKnownFileType = sourcecode.swift; path = ReminderDetailTableViewController.swift; sourceTree = "<group>"; };
		D44F8FCF1DE2E67000499620 /* SearchLocationTableViewController.swift */ = {isa = PBXFileReference; fileEncoding = 4; lastKnownFileType = sourcecode.swift; path = SearchLocationTableViewController.swift; sourceTree = "<group>"; };
		D44F8FD51DE2FAAD00499620 /* MapKit.framework */ = {isa = PBXFileReference; lastKnownFileType = wrapper.framework; name = MapKit.framework; path = System/Library/Frameworks/MapKit.framework; sourceTree = SDKROOT; };
		D44F8FD71DE303BD00499620 /* LocationManager.swift */ = {isa = PBXFileReference; fileEncoding = 4; lastKnownFileType = sourcecode.swift; path = LocationManager.swift; sourceTree = "<group>"; };
		D45F6F041DD277B900CAEE60 /* ProximityReminders.app */ = {isa = PBXFileReference; explicitFileType = wrapper.application; includeInIndex = 0; path = ProximityReminders.app; sourceTree = BUILT_PRODUCTS_DIR; };
		D45F6F071DD277B900CAEE60 /* AppDelegate.swift */ = {isa = PBXFileReference; lastKnownFileType = sourcecode.swift; path = AppDelegate.swift; sourceTree = "<group>"; };
		D45F6F0C1DD277B900CAEE60 /* Base */ = {isa = PBXFileReference; lastKnownFileType = file.storyboard; name = Base; path = Base.lproj/Main.storyboard; sourceTree = "<group>"; };
		D45F6F111DD277B900CAEE60 /* Assets.xcassets */ = {isa = PBXFileReference; lastKnownFileType = folder.assetcatalog; path = Assets.xcassets; sourceTree = "<group>"; };
		D45F6F141DD277B900CAEE60 /* Base */ = {isa = PBXFileReference; lastKnownFileType = file.storyboard; name = Base; path = Base.lproj/LaunchScreen.storyboard; sourceTree = "<group>"; };
		D45F6F161DD277B900CAEE60 /* Info.plist */ = {isa = PBXFileReference; lastKnownFileType = text.plist.xml; path = Info.plist; sourceTree = "<group>"; };
		D45F6F1B1DD277B900CAEE60 /* ProximityRemindersTests.xctest */ = {isa = PBXFileReference; explicitFileType = wrapper.cfbundle; includeInIndex = 0; path = ProximityRemindersTests.xctest; sourceTree = BUILT_PRODUCTS_DIR; };
		D45F6F1F1DD277B900CAEE60 /* ProximityRemindersTests.swift */ = {isa = PBXFileReference; lastKnownFileType = sourcecode.swift; path = ProximityRemindersTests.swift; sourceTree = "<group>"; };
		D45F6F211DD277B900CAEE60 /* Info.plist */ = {isa = PBXFileReference; lastKnownFileType = text.plist.xml; path = Info.plist; sourceTree = "<group>"; };
		D46715871DE73C3F00C55837 /* ProximityReminders.xcdatamodel */ = {isa = PBXFileReference; lastKnownFileType = wrapper.xcdatamodel; path = ProximityReminders.xcdatamodel; sourceTree = "<group>"; };
		D46715AC1DE754BC00C55837 /* NotificationManager.swift */ = {isa = PBXFileReference; fileEncoding = 4; lastKnownFileType = sourcecode.swift; path = NotificationManager.swift; sourceTree = "<group>"; };
		D4AFBFDF1DD2EE7F00A07902 /* ReminderCell.swift */ = {isa = PBXFileReference; fileEncoding = 4; lastKnownFileType = sourcecode.swift; path = ReminderCell.swift; sourceTree = "<group>"; };
		D4AFBFE21DD2EFAE00A07902 /* CoreDataManager.swift */ = {isa = PBXFileReference; fileEncoding = 4; lastKnownFileType = sourcecode.swift; path = CoreDataManager.swift; sourceTree = "<group>"; };
/* End PBXFileReference section */

/* Begin PBXFrameworksBuildPhase section */
		D45F6F011DD277B900CAEE60 /* Frameworks */ = {
			isa = PBXFrameworksBuildPhase;
			buildActionMask = 2147483647;
			files = (
				D44F8FD61DE2FAAD00499620 /* MapKit.framework in Frameworks */,
			);
			runOnlyForDeploymentPostprocessing = 0;
		};
		D45F6F181DD277B900CAEE60 /* Frameworks */ = {
			isa = PBXFrameworksBuildPhase;
			buildActionMask = 2147483647;
			files = (
			);
			runOnlyForDeploymentPostprocessing = 0;
		};
/* End PBXFrameworksBuildPhase section */

/* Begin PBXGroup section */
		D4342E6D1DD27CD7004ED81D /* SupportingFiles */ = {
			isa = PBXGroup;
			children = (
				D45F6F131DD277B900CAEE60 /* LaunchScreen.storyboard */,
				D45F6F161DD277B900CAEE60 /* Info.plist */,
			);
			name = SupportingFiles;
			sourceTree = "<group>";
		};
		D44D09F31DDBE19800E2B7CA /* 3rd Party */ = {
			isa = PBXGroup;
			children = (
				D46715861DE73C3F00C55837 /* ProximityReminders.xcdatamodeld */,
			);
			name = "3rd Party";
			sourceTree = "<group>";
		};
		D44F8FD31DE2F33D00499620 /* Custom TableView Cells */ = {
			isa = PBXGroup;
			children = (
				D4AFBFDF1DD2EE7F00A07902 /* ReminderCell.swift */,
			);
			name = "Custom TableView Cells";
			sourceTree = "<group>";
		};
		D44F8FD41DE2FAAD00499620 /* Frameworks */ = {
			isa = PBXGroup;
			children = (
				D44F8FD51DE2FAAD00499620 /* MapKit.framework */,
			);
			name = Frameworks;
			sourceTree = "<group>";
		};
		D45F6EFB1DD277B900CAEE60 = {
			isa = PBXGroup;
			children = (
				D45F6F061DD277B900CAEE60 /* ProximityReminders */,
				D45F6F1E1DD277B900CAEE60 /* ProximityRemindersTests */,
				D45F6F051DD277B900CAEE60 /* Products */,
				D44F8FD41DE2FAAD00499620 /* Frameworks */,
			);
			sourceTree = "<group>";
		};
		D45F6F051DD277B900CAEE60 /* Products */ = {
			isa = PBXGroup;
			children = (
				D45F6F041DD277B900CAEE60 /* ProximityReminders.app */,
				D45F6F1B1DD277B900CAEE60 /* ProximityRemindersTests.xctest */,
			);
			name = Products;
			sourceTree = "<group>";
		};
		D45F6F061DD277B900CAEE60 /* ProximityReminders */ = {
			isa = PBXGroup;
			children = (
				D45F6F071DD277B900CAEE60 /* AppDelegate.swift */,
				D4342E6B1DD27C4A004ED81D /* ReminderTableViewController.swift */,
				D44D09ED1DDBD06200E2B7CA /* ReminderDetailTableViewController.swift */,
				D44F8FCF1DE2E67000499620 /* SearchLocationTableViewController.swift */,
				D44F8FD71DE303BD00499620 /* LocationManager.swift */,
				D4AFBFE21DD2EFAE00A07902 /* CoreDataManager.swift */,
				D46715AC1DE754BC00C55837 /* NotificationManager.swift */,
				D44C2F951DE6E84E0011236D /* Utilities.swift */,
				D44F8FD31DE2F33D00499620 /* Custom TableView Cells */,
				D44D09F31DDBE19800E2B7CA /* 3rd Party */,
				D45F6F0B1DD277B900CAEE60 /* Main.storyboard */,
				D45F6F111DD277B900CAEE60 /* Assets.xcassets */,
				D4342E6D1DD27CD7004ED81D /* SupportingFiles */,
			);
			path = ProximityReminders;
			sourceTree = "<group>";
		};
		D45F6F1E1DD277B900CAEE60 /* ProximityRemindersTests */ = {
			isa = PBXGroup;
			children = (
				D45F6F1F1DD277B900CAEE60 /* ProximityRemindersTests.swift */,
				D45F6F211DD277B900CAEE60 /* Info.plist */,
			);
			path = ProximityRemindersTests;
			sourceTree = "<group>";
		};
/* End PBXGroup section */

/* Begin PBXNativeTarget section */
		D45F6F031DD277B900CAEE60 /* ProximityReminders */ = {
			isa = PBXNativeTarget;
			buildConfigurationList = D45F6F241DD277B900CAEE60 /* Build configuration list for PBXNativeTarget "ProximityReminders" */;
			buildPhases = (
				D45F6F001DD277B900CAEE60 /* Sources */,
				D45F6F011DD277B900CAEE60 /* Frameworks */,
				D45F6F021DD277B900CAEE60 /* Resources */,
			);
			buildRules = (
			);
			dependencies = (
			);
			name = ProximityReminders;
			productName = ProximityReminders;
			productReference = D45F6F041DD277B900CAEE60 /* ProximityReminders.app */;
			productType = "com.apple.product-type.application";
		};
		D45F6F1A1DD277B900CAEE60 /* ProximityRemindersTests */ = {
			isa = PBXNativeTarget;
			buildConfigurationList = D45F6F271DD277B900CAEE60 /* Build configuration list for PBXNativeTarget "ProximityRemindersTests" */;
			buildPhases = (
				D45F6F171DD277B900CAEE60 /* Sources */,
				D45F6F181DD277B900CAEE60 /* Frameworks */,
				D45F6F191DD277B900CAEE60 /* Resources */,
			);
			buildRules = (
			);
			dependencies = (
				D45F6F1D1DD277B900CAEE60 /* PBXTargetDependency */,
			);
			name = ProximityRemindersTests;
			productName = ProximityRemindersTests;
			productReference = D45F6F1B1DD277B900CAEE60 /* ProximityRemindersTests.xctest */;
			productType = "com.apple.product-type.bundle.unit-test";
		};
/* End PBXNativeTarget section */

/* Begin PBXProject section */
		D45F6EFC1DD277B900CAEE60 /* Project object */ = {
			isa = PBXProject;
			attributes = {
				LastSwiftUpdateCheck = 0810;
				LastUpgradeCheck = 0810;
				ORGANIZATIONNAME = "Joe Sherratt";
				TargetAttributes = {
					D45F6F031DD277B900CAEE60 = {
						CreatedOnToolsVersion = 8.1;
						DevelopmentTeam = T2WARM6VRQ;
						ProvisioningStyle = Automatic;
					};
					D45F6F1A1DD277B900CAEE60 = {
						CreatedOnToolsVersion = 8.1;
						DevelopmentTeam = T2WARM6VRQ;
						ProvisioningStyle = Automatic;
						TestTargetID = D45F6F031DD277B900CAEE60;
					};
				};
			};
			buildConfigurationList = D45F6EFF1DD277B900CAEE60 /* Build configuration list for PBXProject "ProximityReminders" */;
			compatibilityVersion = "Xcode 3.2";
			developmentRegion = English;
			hasScannedForEncodings = 0;
			knownRegions = (
				en,
				Base,
			);
			mainGroup = D45F6EFB1DD277B900CAEE60;
			productRefGroup = D45F6F051DD277B900CAEE60 /* Products */;
			projectDirPath = "";
			projectRoot = "";
			targets = (
				D45F6F031DD277B900CAEE60 /* ProximityReminders */,
				D45F6F1A1DD277B900CAEE60 /* ProximityRemindersTests */,
			);
		};
/* End PBXProject section */

/* Begin PBXResourcesBuildPhase section */
		D45F6F021DD277B900CAEE60 /* Resources */ = {
			isa = PBXResourcesBuildPhase;
			buildActionMask = 2147483647;
			files = (
				D45F6F151DD277B900CAEE60 /* LaunchScreen.storyboard in Resources */,
				D45F6F121DD277B900CAEE60 /* Assets.xcassets in Resources */,
				D45F6F0D1DD277B900CAEE60 /* Main.storyboard in Resources */,
			);
			runOnlyForDeploymentPostprocessing = 0;
		};
		D45F6F191DD277B900CAEE60 /* Resources */ = {
			isa = PBXResourcesBuildPhase;
			buildActionMask = 2147483647;
			files = (
			);
			runOnlyForDeploymentPostprocessing = 0;
		};
/* End PBXResourcesBuildPhase section */

/* Begin PBXSourcesBuildPhase section */
		D45F6F001DD277B900CAEE60 /* Sources */ = {
			isa = PBXSourcesBuildPhase;
			buildActionMask = 2147483647;
			files = (
				D45F6F081DD277B900CAEE60 /* AppDelegate.swift in Sources */,
				D46715881DE73C3F00C55837 /* ProximityReminders.xcdatamodeld in Sources */,
				D46715AD1DE754BC00C55837 /* NotificationManager.swift in Sources */,
				D44F8FD81DE303BD00499620 /* LocationManager.swift in Sources */,
				D44D09EE1DDBD06200E2B7CA /* ReminderDetailTableViewController.swift in Sources */,
				D44C2F961DE6E84E0011236D /* Utilities.swift in Sources */,
				D4342E6C1DD27C4A004ED81D /* ReminderTableViewController.swift in Sources */,
				D44F8FD01DE2E67000499620 /* SearchLocationTableViewController.swift in Sources */,
				D4AFBFE31DD2EFAE00A07902 /* CoreDataManager.swift in Sources */,
				D4AFBFE01DD2EE7F00A07902 /* ReminderCell.swift in Sources */,
			);
			runOnlyForDeploymentPostprocessing = 0;
		};
		D45F6F171DD277B900CAEE60 /* Sources */ = {
			isa = PBXSourcesBuildPhase;
			buildActionMask = 2147483647;
			files = (
				D45F6F201DD277B900CAEE60 /* ProximityRemindersTests.swift in Sources */,
			);
			runOnlyForDeploymentPostprocessing = 0;
		};
/* End PBXSourcesBuildPhase section */

/* Begin PBXTargetDependency section */
		D45F6F1D1DD277B900CAEE60 /* PBXTargetDependency */ = {
			isa = PBXTargetDependency;
			target = D45F6F031DD277B900CAEE60 /* ProximityReminders */;
			targetProxy = D45F6F1C1DD277B900CAEE60 /* PBXContainerItemProxy */;
		};
/* End PBXTargetDependency section */

/* Begin PBXVariantGroup section */
		D45F6F0B1DD277B900CAEE60 /* Main.storyboard */ = {
			isa = PBXVariantGroup;
			children = (
				D45F6F0C1DD277B900CAEE60 /* Base */,
			);
			name = Main.storyboard;
			sourceTree = "<group>";
		};
		D45F6F131DD277B900CAEE60 /* LaunchScreen.storyboard */ = {
			isa = PBXVariantGroup;
			children = (
				D45F6F141DD277B900CAEE60 /* Base */,
			);
			name = LaunchScreen.storyboard;
			sourceTree = "<group>";
		};
/* End PBXVariantGroup section */

/* Begin XCBuildConfiguration section */
		D45F6F221DD277B900CAEE60 /* Debug */ = {
			isa = XCBuildConfiguration;
			buildSettings = {
				ALWAYS_SEARCH_USER_PATHS = NO;
				CLANG_ANALYZER_NONNULL = YES;
				CLANG_CXX_LANGUAGE_STANDARD = "gnu++0x";
				CLANG_CXX_LIBRARY = "libc++";
				CLANG_ENABLE_MODULES = YES;
				CLANG_ENABLE_OBJC_ARC = YES;
				CLANG_WARN_BOOL_CONVERSION = YES;
				CLANG_WARN_CONSTANT_CONVERSION = YES;
				CLANG_WARN_DIRECT_OBJC_ISA_USAGE = YES_ERROR;
				CLANG_WARN_DOCUMENTATION_COMMENTS = YES;
				CLANG_WARN_EMPTY_BODY = YES;
				CLANG_WARN_ENUM_CONVERSION = YES;
				CLANG_WARN_INFINITE_RECURSION = YES;
				CLANG_WARN_INT_CONVERSION = YES;
				CLANG_WARN_OBJC_ROOT_CLASS = YES_ERROR;
				CLANG_WARN_SUSPICIOUS_MOVES = YES;
				CLANG_WARN_UNREACHABLE_CODE = YES;
				CLANG_WARN__DUPLICATE_METHOD_MATCH = YES;
				"CODE_SIGN_IDENTITY[sdk=iphoneos*]" = "iPhone Developer";
				COPY_PHASE_STRIP = NO;
				DEBUG_INFORMATION_FORMAT = dwarf;
				ENABLE_STRICT_OBJC_MSGSEND = YES;
				ENABLE_TESTABILITY = YES;
				GCC_C_LANGUAGE_STANDARD = gnu99;
				GCC_DYNAMIC_NO_PIC = NO;
				GCC_NO_COMMON_BLOCKS = YES;
				GCC_OPTIMIZATION_LEVEL = 0;
				GCC_PREPROCESSOR_DEFINITIONS = (
					"DEBUG=1",
					"$(inherited)",
				);
				GCC_WARN_64_TO_32_BIT_CONVERSION = YES;
				GCC_WARN_ABOUT_RETURN_TYPE = YES_ERROR;
				GCC_WARN_UNDECLARED_SELECTOR = YES;
				GCC_WARN_UNINITIALIZED_AUTOS = YES_AGGRESSIVE;
				GCC_WARN_UNUSED_FUNCTION = YES;
				GCC_WARN_UNUSED_VARIABLE = YES;
				IPHONEOS_DEPLOYMENT_TARGET = 10.1;
				MTL_ENABLE_DEBUG_INFO = YES;
				ONLY_ACTIVE_ARCH = YES;
				SDKROOT = iphoneos;
				SWIFT_ACTIVE_COMPILATION_CONDITIONS = DEBUG;
				SWIFT_OPTIMIZATION_LEVEL = "-Onone";
			};
			name = Debug;
		};
		D45F6F231DD277B900CAEE60 /* Release */ = {
			isa = XCBuildConfiguration;
			buildSettings = {
				ALWAYS_SEARCH_USER_PATHS = NO;
				CLANG_ANALYZER_NONNULL = YES;
				CLANG_CXX_LANGUAGE_STANDARD = "gnu++0x";
				CLANG_CXX_LIBRARY = "libc++";
				CLANG_ENABLE_MODULES = YES;
				CLANG_ENABLE_OBJC_ARC = YES;
				CLANG_WARN_BOOL_CONVERSION = YES;
				CLANG_WARN_CONSTANT_CONVERSION = YES;
				CLANG_WARN_DIRECT_OBJC_ISA_USAGE = YES_ERROR;
				CLANG_WARN_DOCUMENTATION_COMMENTS = YES;
				CLANG_WARN_EMPTY_BODY = YES;
				CLANG_WARN_ENUM_CONVERSION = YES;
				CLANG_WARN_INFINITE_RECURSION = YES;
				CLANG_WARN_INT_CONVERSION = YES;
				CLANG_WARN_OBJC_ROOT_CLASS = YES_ERROR;
				CLANG_WARN_SUSPICIOUS_MOVES = YES;
				CLANG_WARN_UNREACHABLE_CODE = YES;
				CLANG_WARN__DUPLICATE_METHOD_MATCH = YES;
				"CODE_SIGN_IDENTITY[sdk=iphoneos*]" = "iPhone Developer";
				COPY_PHASE_STRIP = NO;
				DEBUG_INFORMATION_FORMAT = "dwarf-with-dsym";
				ENABLE_NS_ASSERTIONS = NO;
				ENABLE_STRICT_OBJC_MSGSEND = YES;
				GCC_C_LANGUAGE_STANDARD = gnu99;
				GCC_NO_COMMON_BLOCKS = YES;
				GCC_WARN_64_TO_32_BIT_CONVERSION = YES;
				GCC_WARN_ABOUT_RETURN_TYPE = YES_ERROR;
				GCC_WARN_UNDECLARED_SELECTOR = YES;
				GCC_WARN_UNINITIALIZED_AUTOS = YES_AGGRESSIVE;
				GCC_WARN_UNUSED_FUNCTION = YES;
				GCC_WARN_UNUSED_VARIABLE = YES;
				IPHONEOS_DEPLOYMENT_TARGET = 10.1;
				MTL_ENABLE_DEBUG_INFO = NO;
				SDKROOT = iphoneos;
				SWIFT_OPTIMIZATION_LEVEL = "-Owholemodule";
				VALIDATE_PRODUCT = YES;
			};
			name = Release;
		};
		D45F6F251DD277B900CAEE60 /* Debug */ = {
			isa = XCBuildConfiguration;
			buildSettings = {
				ASSETCATALOG_COMPILER_APPICON_NAME = AppIcon;
				DEVELOPMENT_TEAM = T2WARM6VRQ;
				INFOPLIST_FILE = ProximityReminders/Info.plist;
				LD_RUNPATH_SEARCH_PATHS = "$(inherited) @executable_path/Frameworks";
				PRODUCT_BUNDLE_IDENTIFIER = com.jsherratt.ProximityReminders;
				PRODUCT_NAME = "$(TARGET_NAME)";
				SWIFT_VERSION = 3.0;
			};
			name = Debug;
		};
		D45F6F261DD277B900CAEE60 /* Release */ = {
			isa = XCBuildConfiguration;
			buildSettings = {
				ASSETCATALOG_COMPILER_APPICON_NAME = AppIcon;
				DEVELOPMENT_TEAM = T2WARM6VRQ;
				INFOPLIST_FILE = ProximityReminders/Info.plist;
				LD_RUNPATH_SEARCH_PATHS = "$(inherited) @executable_path/Frameworks";
				PRODUCT_BUNDLE_IDENTIFIER = com.jsherratt.ProximityReminders;
				PRODUCT_NAME = "$(TARGET_NAME)";
				SWIFT_VERSION = 3.0;
			};
			name = Release;
		};
		D45F6F281DD277B900CAEE60 /* Debug */ = {
			isa = XCBuildConfiguration;
			buildSettings = {
				ALWAYS_EMBED_SWIFT_STANDARD_LIBRARIES = YES;
				BUNDLE_LOADER = "$(TEST_HOST)";
				DEVELOPMENT_TEAM = T2WARM6VRQ;
				INFOPLIST_FILE = ProximityRemindersTests/Info.plist;
				LD_RUNPATH_SEARCH_PATHS = "$(inherited) @executable_path/Frameworks @loader_path/Frameworks";
				PRODUCT_BUNDLE_IDENTIFIER = com.jsherratt.ProximityRemindersTests;
				PRODUCT_NAME = "$(TARGET_NAME)";
				SWIFT_VERSION = 3.0;
				TEST_HOST = "$(BUILT_PRODUCTS_DIR)/ProximityReminders.app/ProximityReminders";
			};
			name = Debug;
		};
		D45F6F291DD277B900CAEE60 /* Release */ = {
			isa = XCBuildConfiguration;
			buildSettings = {
				ALWAYS_EMBED_SWIFT_STANDARD_LIBRARIES = YES;
				BUNDLE_LOADER = "$(TEST_HOST)";
				DEVELOPMENT_TEAM = T2WARM6VRQ;
				INFOPLIST_FILE = ProximityRemindersTests/Info.plist;
				LD_RUNPATH_SEARCH_PATHS = "$(inherited) @executable_path/Frameworks @loader_path/Frameworks";
				PRODUCT_BUNDLE_IDENTIFIER = com.jsherratt.ProximityRemindersTests;
				PRODUCT_NAME = "$(TARGET_NAME)";
				SWIFT_VERSION = 3.0;
				TEST_HOST = "$(BUILT_PRODUCTS_DIR)/ProximityReminders.app/ProximityReminders";
			};
			name = Release;
		};
/* End XCBuildConfiguration section */

/* Begin XCConfigurationList section */
		D45F6EFF1DD277B900CAEE60 /* Build configuration list for PBXProject "ProximityReminders" */ = {
			isa = XCConfigurationList;
			buildConfigurations = (
				D45F6F221DD277B900CAEE60 /* Debug */,
				D45F6F231DD277B900CAEE60 /* Release */,
			);
			defaultConfigurationIsVisible = 0;
			defaultConfigurationName = Release;
		};
		D45F6F241DD277B900CAEE60 /* Build configuration list for PBXNativeTarget "ProximityReminders" */ = {
			isa = XCConfigurationList;
			buildConfigurations = (
				D45F6F251DD277B900CAEE60 /* Debug */,
				D45F6F261DD277B900CAEE60 /* Release */,
			);
			defaultConfigurationIsVisible = 0;
			defaultConfigurationName = Release;
		};
		D45F6F271DD277B900CAEE60 /* Build configuration list for PBXNativeTarget "ProximityRemindersTests" */ = {
			isa = XCConfigurationList;
			buildConfigurations = (
				D45F6F281DD277B900CAEE60 /* Debug */,
				D45F6F291DD277B900CAEE60 /* Release */,
			);
			defaultConfigurationIsVisible = 0;
			defaultConfigurationName = Release;
		};
/* End XCConfigurationList section */

/* Begin XCVersionGroup section */
		D46715861DE73C3F00C55837 /* ProximityReminders.xcdatamodeld */ = {
			isa = XCVersionGroup;
			children = (
				D46715871DE73C3F00C55837 /* ProximityReminders.xcdatamodel */,
			);
			currentVersion = D46715871DE73C3F00C55837 /* ProximityReminders.xcdatamodel */;
			path = ProximityReminders.xcdatamodeld;
			sourceTree = SOURCE_ROOT;
			versionGroupType = wrapper.xcdatamodel;
		};
/* End XCVersionGroup section */
	};
	rootObject = D45F6EFC1DD277B900CAEE60 /* Project object */;
}
